
Microsoft Visual Studio Solution File, Format Version 12.00
# Visual Studio Version 17
VisualStudioVersion = 17.12.35506.116
MinimumVisualStudioVersion = 10.0.40219.1
Project("{FAE04EC0-301F-11D3-BF4B-00C04F79EFBC}") = "RestaurantManagementApp", "RestaurantManagementApp.csproj", "{A3EC0846-2A58-4F4E-8DE8-2DF6B75EFD29}"
EndProject
Project("{FAE04EC0-301F-11D3-BF4B-00C04F79EFBC}") = "RestaurantManagementApp.DataAccess", "..\RestaurantManagementApp.DataAccess\RestaurantManagementApp.DataAccess.csproj", "{1B07D767-0BCB-49E0-BC12-F1F3B39E1B4B}"
EndProject
Project("{FAE04EC0-301F-11D3-BF4B-00C04F79EFBC}") = "RestaurantManagementApp.Models", "..\RestaurantManagementApp.Models\RestaurantManagementApp.Models.csproj", "{CEA2EB4E-0508-42D3-839B-B21330D8704A}"
EndProject
Global
	GlobalSection(SolutionConfigurationPlatforms) = preSolution
		Debug|Any CPU = Debug|Any CPU
		Release|Any CPU = Release|Any CPU
	EndGlobalSection
	GlobalSection(ProjectConfigurationPlatforms) = postSolution
		{A3EC0846-2A58-4F4E-8DE8-2DF6B75EFD29}.Debug|Any CPU.ActiveCfg = Debug|Any CPU
		{A3EC0846-2A58-4F4E-8DE8-2DF6B75EFD29}.Debug|Any CPU.Build.0 = Debug|Any CPU
		{A3EC0846-2A58-4F4E-8DE8-2DF6B75EFD29}.Release|Any CPU.ActiveCfg = Release|Any CPU
		{A3EC0846-2A58-4F4E-8DE8-2DF6B75EFD29}.Release|Any CPU.Build.0 = Release|Any CPU
		{1B07D767-0BCB-49E0-BC12-F1F3B39E1B4B}.Debug|Any CPU.ActiveCfg = Debug|Any CPU
		{1B07D767-0BCB-49E0-BC12-F1F3B39E1B4B}.Debug|Any CPU.Build.0 = Debug|Any CPU
		{1B07D767-0BCB-49E0-BC12-F1F3B39E1B4B}.Release|Any CPU.ActiveCfg = Release|Any CPU
		{1B07D767-0BCB-49E0-BC12-F1F3B39E1B4B}.Release|Any CPU.Build.0 = Release|Any CPU
		{CEA2EB4E-0508-42D3-839B-B21330D8704A}.Debug|Any CPU.ActiveCfg = Debug|Any CPU
		{CEA2EB4E-0508-42D3-839B-B21330D8704A}.Debug|Any CPU.Build.0 = Debug|Any CPU
		{CEA2EB4E-0508-42D3-839B-B21330D8704A}.Release|Any CPU.ActiveCfg = Release|Any CPU
		{CEA2EB4E-0508-42D3-839B-B21330D8704A}.Release|Any CPU.Build.0 = Release|Any CPU
	EndGlobalSection
	GlobalSection(SolutionProperties) = preSolution
		HideSolutionNode = FALSE
	EndGlobalSection
EndGlobal
